
Microsoft Visual Studio Solution File, Format Version 12.00
# Visual Studio Version 17
VisualStudioVersion = 17.4.33213.308
MinimumVisualStudioVersion = 10.0.40219.1
Project("{9A19103F-16F7-4668-BE54-9A1E7A4F7556}") = "FlowGraph", "FlowGraph\FlowGraph.csproj", "{0ED00A56-CF81-4E97-A317-76547625773F}"
EndProject
Project("{9A19103F-16F7-4668-BE54-9A1E7A4F7556}") = "FlowGraphTest", "FlowGraphTest\FlowGraphTest.csproj", "{6586CDFF-E65A-45C4-B68F-F10946C7E1DE}"
EndProject
Project("{9A19103F-16F7-4668-BE54-9A1E7A4F7556}") = "FlowSimulatorConsole", "FlowSimulatorConsole\FlowSimulatorConsole.csproj", "{9F5E2BF9-13C4-4922-9285-9176D43A1AE1}"
EndProject
Project("{2150E333-8FDC-42A3-9474-1A3956D46DE8}") = "Controls", "Controls", "{8CAB07EA-8854-4FA0-9127-44B4A118BBF0}"
EndProject
Project("{9A19103F-16F7-4668-BE54-9A1E7A4F7556}") = "AdornedControl", "Controls\AdornedControl\AdornedControl.csproj", "{824C2AD5-5C26-46D5-84C7-2D2301EDFEBF}"
EndProject
Project("{9A19103F-16F7-4668-BE54-9A1E7A4F7556}") = "CustomNode", "Controls\CustomNode\CustomNode.csproj", "{BEE1F445-2A9B-4179-9BC3-54A816DB3308}"
EndProject
Project("{9A19103F-16F7-4668-BE54-9A1E7A4F7556}") = "FlowGraphUI", "Controls\FlowGraphUI\FlowGraphUI.csproj", "{2A5C5C5A-C6FE-4B62-B251-7AC7167F5419}"
EndProject
Project("{9A19103F-16F7-4668-BE54-9A1E7A4F7556}") = "MouseDragScrollViewer", "Controls\MouseDragDropScrollViewer\MouseDragScrollViewer.csproj", "{98C27855-1BFF-465D-B217-43F966C79323}"
EndProject
Project("{9A19103F-16F7-4668-BE54-9A1E7A4F7556}") = "NetworkModel", "Controls\NetworkModel\NetworkModel.csproj", "{B45F0A0C-4E6E-48FA-8111-B4BD42D33637}"
EndProject
Project("{9A19103F-16F7-4668-BE54-9A1E7A4F7556}") = "NetworkUI", "Controls\NetworkUI\NetworkUI.csproj", "{5325B355-9F4B-4E26-8275-913A74D327D2}"
EndProject
Project("{9A19103F-16F7-4668-BE54-9A1E7A4F7556}") = "Utils", "Controls\Utils\Utils.csproj", "{676133C4-D4F0-42E1-A338-56E881068322}"
EndProject
Project("{9A19103F-16F7-4668-BE54-9A1E7A4F7556}") = "ZoomAndPan", "Controls\ZoomAndPan\ZoomAndPan.csproj", "{CD7E94B2-1825-4606-86A4-06462AEE1C60}"
EndProject
Project("{9A19103F-16F7-4668-BE54-9A1E7A4F7556}") = "FlowSimulator", "FlowSimulator\FlowSimulator.csproj", "{FD00075A-F1B6-40BF-B3CF-BADD610464EC}"
EndProject
Project("{9A19103F-16F7-4668-BE54-9A1E7A4F7556}") = "UiTools", "Controls\UiTools\UiTools.csproj", "{8A30F9F6-D2B4-48E0-A7AA-C8233EA9DC50}"
EndProject
Project("{9A19103F-16F7-4668-BE54-9A1E7A4F7556}") = "Logger", "Controls\Logger\Logger.csproj", "{639250DC-621C-4B88-AC88-288104D6EE3E}"
EndProject
Project("{9A19103F-16F7-4668-BE54-9A1E7A4F7556}") = "DotNetCodeGenerator", "DotNetCodeGenerator\DotNetCodeGenerator.csproj", "{13F17E4B-D0AD-4B77-9B97-6819C90BACA5}"
EndProject
Global
	GlobalSection(SolutionConfigurationPlatforms) = preSolution
		Debug|Any CPU = Debug|Any CPU
		Debug|Mixed Platforms = Debug|Mixed Platforms
		Debug|x86 = Debug|x86
		Editor Debug|Any CPU = Editor Debug|Any CPU
		Editor Debug|Mixed Platforms = Editor Debug|Mixed Platforms
		Editor Debug|x86 = Editor Debug|x86
		Release|Any CPU = Release|Any CPU
		Release|Mixed Platforms = Release|Mixed Platforms
		Release|x86 = Release|x86
	EndGlobalSection
	GlobalSection(ProjectConfigurationPlatforms) = postSolution
		{0ED00A56-CF81-4E97-A317-76547625773F}.Debug|Any CPU.ActiveCfg = Debug|Any CPU
		{0ED00A56-CF81-4E97-A317-76547625773F}.Debug|Any CPU.Build.0 = Debug|Any CPU
		{0ED00A56-CF81-4E97-A317-76547625773F}.Debug|Mixed Platforms.ActiveCfg = Debug|Any CPU
		{0ED00A56-CF81-4E97-A317-76547625773F}.Debug|Mixed Platforms.Build.0 = Debug|Any CPU
		{0ED00A56-CF81-4E97-A317-76547625773F}.Debug|x86.ActiveCfg = Debug|Any CPU
		{0ED00A56-CF81-4E97-A317-76547625773F}.Debug|x86.Build.0 = Debug|Any CPU
		{0ED00A56-CF81-4E97-A317-76547625773F}.Editor Debug|Any CPU.ActiveCfg = Editor Debug|Any CPU
		{0ED00A56-CF81-4E97-A317-76547625773F}.Editor Debug|Any CPU.Build.0 = Editor Debug|Any CPU
		{0ED00A56-CF81-4E97-A317-76547625773F}.Editor Debug|Mixed Platforms.ActiveCfg = Editor Debug|Any CPU
		{0ED00A56-CF81-4E97-A317-76547625773F}.Editor Debug|Mixed Platforms.Build.0 = Editor Debug|Any CPU
		{0ED00A56-CF81-4E97-A317-76547625773F}.Editor Debug|x86.ActiveCfg = Editor Debug|Any CPU
		{0ED00A56-CF81-4E97-A317-76547625773F}.Editor Debug|x86.Build.0 = Editor Debug|Any CPU
		{0ED00A56-CF81-4E97-A317-76547625773F}.Release|Any CPU.ActiveCfg = Release|Any CPU
		{0ED00A56-CF81-4E97-A317-76547625773F}.Release|Any CPU.Build.0 = Release|Any CPU
		{0ED00A56-CF81-4E97-A317-76547625773F}.Release|Mixed Platforms.ActiveCfg = Release|Any CPU
		{0ED00A56-CF81-4E97-A317-76547625773F}.Release|Mixed Platforms.Build.0 = Release|Any CPU
		{0ED00A56-CF81-4E97-A317-76547625773F}.Release|x86.ActiveCfg = Release|Any CPU
		{0ED00A56-CF81-4E97-A317-76547625773F}.Release|x86.Build.0 = Release|Any CPU
		{6586CDFF-E65A-45C4-B68F-F10946C7E1DE}.Debug|Any CPU.ActiveCfg = Debug|Any CPU
		{6586CDFF-E65A-45C4-B68F-F10946C7E1DE}.Debug|Any CPU.Build.0 = Debug|Any CPU
		{6586CDFF-E65A-45C4-B68F-F10946C7E1DE}.Debug|Mixed Platforms.ActiveCfg = Debug|Any CPU
		{6586CDFF-E65A-45C4-B68F-F10946C7E1DE}.Debug|Mixed Platforms.Build.0 = Debug|Any CPU
		{6586CDFF-E65A-45C4-B68F-F10946C7E1DE}.Debug|x86.ActiveCfg = Debug|Any CPU
		{6586CDFF-E65A-45C4-B68F-F10946C7E1DE}.Debug|x86.Build.0 = Debug|Any CPU
		{6586CDFF-E65A-45C4-B68F-F10946C7E1DE}.Editor Debug|Any CPU.ActiveCfg = Debug|Any CPU
		{6586CDFF-E65A-45C4-B68F-F10946C7E1DE}.Editor Debug|Any CPU.Build.0 = Debug|Any CPU
		{6586CDFF-E65A-45C4-B68F-F10946C7E1DE}.Editor Debug|Mixed Platforms.ActiveCfg = Debug|Any CPU
		{6586CDFF-E65A-45C4-B68F-F10946C7E1DE}.Editor Debug|Mixed Platforms.Build.0 = Debug|Any CPU
		{6586CDFF-E65A-45C4-B68F-F10946C7E1DE}.Editor Debug|x86.ActiveCfg = Debug|Any CPU
		{6586CDFF-E65A-45C4-B68F-F10946C7E1DE}.Editor Debug|x86.Build.0 = Debug|Any CPU
		{6586CDFF-E65A-45C4-B68F-F10946C7E1DE}.Release|Any CPU.ActiveCfg = Release|Any CPU
		{6586CDFF-E65A-45C4-B68F-F10946C7E1DE}.Release|Any CPU.Build.0 = Release|Any CPU
		{6586CDFF-E65A-45C4-B68F-F10946C7E1DE}.Release|Mixed Platforms.ActiveCfg = Release|Any CPU
		{6586CDFF-E65A-45C4-B68F-F10946C7E1DE}.Release|Mixed Platforms.Build.0 = Release|Any CPU
		{6586CDFF-E65A-45C4-B68F-F10946C7E1DE}.Release|x86.ActiveCfg = Release|Any CPU
		{6586CDFF-E65A-45C4-B68F-F10946C7E1DE}.Release|x86.Build.0 = Release|Any CPU
		{9F5E2BF9-13C4-4922-9285-9176D43A1AE1}.Debug|Any CPU.ActiveCfg = Debug|Any CPU
		{9F5E2BF9-13C4-4922-9285-9176D43A1AE1}.Debug|Any CPU.Build.0 = Debug|Any CPU
		{9F5E2BF9-13C4-4922-9285-9176D43A1AE1}.Debug|Mixed Platforms.ActiveCfg = Debug|Any CPU
		{9F5E2BF9-13C4-4922-9285-9176D43A1AE1}.Debug|Mixed Platforms.Build.0 = Debug|Any CPU
		{9F5E2BF9-13C4-4922-9285-9176D43A1AE1}.Debug|x86.ActiveCfg = Debug|Any CPU
		{9F5E2BF9-13C4-4922-9285-9176D43A1AE1}.Debug|x86.Build.0 = Debug|Any CPU
		{9F5E2BF9-13C4-4922-9285-9176D43A1AE1}.Editor Debug|Any CPU.ActiveCfg = Debug|Any CPU
		{9F5E2BF9-13C4-4922-9285-9176D43A1AE1}.Editor Debug|Any CPU.Build.0 = Debug|Any CPU
		{9F5E2BF9-13C4-4922-9285-9176D43A1AE1}.Editor Debug|Mixed Platforms.ActiveCfg = Debug|Any CPU
		{9F5E2BF9-13C4-4922-9285-9176D43A1AE1}.Editor Debug|Mixed Platforms.Build.0 = Debug|Any CPU
		{9F5E2BF9-13C4-4922-9285-9176D43A1AE1}.Editor Debug|x86.ActiveCfg = Debug|Any CPU
		{9F5E2BF9-13C4-4922-9285-9176D43A1AE1}.Editor Debug|x86.Build.0 = Debug|Any CPU
		{9F5E2BF9-13C4-4922-9285-9176D43A1AE1}.Release|Any CPU.ActiveCfg = Release|Any CPU
		{9F5E2BF9-13C4-4922-9285-9176D43A1AE1}.Release|Any CPU.Build.0 = Release|Any CPU
		{9F5E2BF9-13C4-4922-9285-9176D43A1AE1}.Release|Mixed Platforms.ActiveCfg = Release|Any CPU
		{9F5E2BF9-13C4-4922-9285-9176D43A1AE1}.Release|Mixed Platforms.Build.0 = Release|Any CPU
		{9F5E2BF9-13C4-4922-9285-9176D43A1AE1}.Release|x86.ActiveCfg = Release|Any CPU
		{9F5E2BF9-13C4-4922-9285-9176D43A1AE1}.Release|x86.Build.0 = Release|Any CPU
		{824C2AD5-5C26-46D5-84C7-2D2301EDFEBF}.Debug|Any CPU.ActiveCfg = Debug|Any CPU
		{824C2AD5-5C26-46D5-84C7-2D2301EDFEBF}.Debug|Any CPU.Build.0 = Debug|Any CPU
		{824C2AD5-5C26-46D5-84C7-2D2301EDFEBF}.Debug|Mixed Platforms.ActiveCfg = Debug|Any CPU
		{824C2AD5-5C26-46D5-84C7-2D2301EDFEBF}.Debug|Mixed Platforms.Build.0 = Debug|Any CPU
		{824C2AD5-5C26-46D5-84C7-2D2301EDFEBF}.Debug|x86.ActiveCfg = Debug|Any CPU
		{824C2AD5-5C26-46D5-84C7-2D2301EDFEBF}.Debug|x86.Build.0 = Debug|Any CPU
		{824C2AD5-5C26-46D5-84C7-2D2301EDFEBF}.Editor Debug|Any CPU.ActiveCfg = Debug|Any CPU
		{824C2AD5-5C26-46D5-84C7-2D2301EDFEBF}.Editor Debug|Any CPU.Build.0 = Debug|Any CPU
		{824C2AD5-5C26-46D5-84C7-2D2301EDFEBF}.Editor Debug|Mixed Platforms.ActiveCfg = Debug|Any CPU
		{824C2AD5-5C26-46D5-84C7-2D2301EDFEBF}.Editor Debug|Mixed Platforms.Build.0 = Debug|Any CPU
		{824C2AD5-5C26-46D5-84C7-2D2301EDFEBF}.Editor Debug|x86.ActiveCfg = Debug|Any CPU
		{824C2AD5-5C26-46D5-84C7-2D2301EDFEBF}.Editor Debug|x86.Build.0 = Debug|Any CPU
		{824C2AD5-5C26-46D5-84C7-2D2301EDFEBF}.Release|Any CPU.ActiveCfg = Release|Any CPU
		{824C2AD5-5C26-46D5-84C7-2D2301EDFEBF}.Release|Any CPU.Build.0 = Release|Any CPU
		{824C2AD5-5C26-46D5-84C7-2D2301EDFEBF}.Release|Mixed Platforms.ActiveCfg = Release|Any CPU
		{824C2AD5-5C26-46D5-84C7-2D2301EDFEBF}.Release|Mixed Platforms.Build.0 = Release|Any CPU
		{824C2AD5-5C26-46D5-84C7-2D2301EDFEBF}.Release|x86.ActiveCfg = Release|Any CPU
		{824C2AD5-5C26-46D5-84C7-2D2301EDFEBF}.Release|x86.Build.0 = Release|Any CPU
		{BEE1F445-2A9B-4179-9BC3-54A816DB3308}.Debug|Any CPU.ActiveCfg = Debug|Any CPU
		{BEE1F445-2A9B-4179-9BC3-54A816DB3308}.Debug|Any CPU.Build.0 = Debug|Any CPU
		{BEE1F445-2A9B-4179-9BC3-54A816DB3308}.Debug|Mixed Platforms.ActiveCfg = Debug|Any CPU
		{BEE1F445-2A9B-4179-9BC3-54A816DB3308}.Debug|Mixed Platforms.Build.0 = Debug|Any CPU
		{BEE1F445-2A9B-4179-9BC3-54A816DB3308}.Debug|x86.ActiveCfg = Debug|Any CPU
		{BEE1F445-2A9B-4179-9BC3-54A816DB3308}.Debug|x86.Build.0 = Debug|Any CPU
		{BEE1F445-2A9B-4179-9BC3-54A816DB3308}.Editor Debug|Any CPU.ActiveCfg = Editor Debug|Any CPU
		{BEE1F445-2A9B-4179-9BC3-54A816DB3308}.Editor Debug|Any CPU.Build.0 = Editor Debug|Any CPU
		{BEE1F445-2A9B-4179-9BC3-54A816DB3308}.Editor Debug|Mixed Platforms.ActiveCfg = Editor Debug|Any CPU
		{BEE1F445-2A9B-4179-9BC3-54A816DB3308}.Editor Debug|Mixed Platforms.Build.0 = Editor Debug|Any CPU
		{BEE1F445-2A9B-4179-9BC3-54A816DB3308}.Editor Debug|x86.ActiveCfg = Editor Debug|Any CPU
		{BEE1F445-2A9B-4179-9BC3-54A816DB3308}.Editor Debug|x86.Build.0 = Editor Debug|Any CPU
		{BEE1F445-2A9B-4179-9BC3-54A816DB3308}.Release|Any CPU.ActiveCfg = Release|Any CPU
		{BEE1F445-2A9B-4179-9BC3-54A816DB3308}.Release|Any CPU.Build.0 = Release|Any CPU
		{BEE1F445-2A9B-4179-9BC3-54A816DB3308}.Release|Mixed Platforms.ActiveCfg = Release|Any CPU
		{BEE1F445-2A9B-4179-9BC3-54A816DB3308}.Release|Mixed Platforms.Build.0 = Release|Any CPU
		{BEE1F445-2A9B-4179-9BC3-54A816DB3308}.Release|x86.ActiveCfg = Release|Any CPU
		{BEE1F445-2A9B-4179-9BC3-54A816DB3308}.Release|x86.Build.0 = Release|Any CPU
		{2A5C5C5A-C6FE-4B62-B251-7AC7167F5419}.Debug|Any CPU.ActiveCfg = Debug|Any CPU
		{2A5C5C5A-C6FE-4B62-B251-7AC7167F5419}.Debug|Any CPU.Build.0 = Debug|Any CPU
		{2A5C5C5A-C6FE-4B62-B251-7AC7167F5419}.Debug|Mixed Platforms.ActiveCfg = Debug|Any CPU
		{2A5C5C5A-C6FE-4B62-B251-7AC7167F5419}.Debug|Mixed Platforms.Build.0 = Debug|Any CPU
		{2A5C5C5A-C6FE-4B62-B251-7AC7167F5419}.Debug|x86.ActiveCfg = Debug|Any CPU
		{2A5C5C5A-C6FE-4B62-B251-7AC7167F5419}.Debug|x86.Build.0 = Debug|Any CPU
		{2A5C5C5A-C6FE-4B62-B251-7AC7167F5419}.Editor Debug|Any CPU.ActiveCfg = Debug|Any CPU
		{2A5C5C5A-C6FE-4B62-B251-7AC7167F5419}.Editor Debug|Any CPU.Build.0 = Debug|Any CPU
		{2A5C5C5A-C6FE-4B62-B251-7AC7167F5419}.Editor Debug|Mixed Platforms.ActiveCfg = Debug|Any CPU
		{2A5C5C5A-C6FE-4B62-B251-7AC7167F5419}.Editor Debug|Mixed Platforms.Build.0 = Debug|Any CPU
		{2A5C5C5A-C6FE-4B62-B251-7AC7167F5419}.Editor Debug|x86.ActiveCfg = Debug|Any CPU
		{2A5C5C5A-C6FE-4B62-B251-7AC7167F5419}.Editor Debug|x86.Build.0 = Debug|Any CPU
		{2A5C5C5A-C6FE-4B62-B251-7AC7167F5419}.Release|Any CPU.ActiveCfg = Release|Any CPU
		{2A5C5C5A-C6FE-4B62-B251-7AC7167F5419}.Release|Any CPU.Build.0 = Release|Any CPU
		{2A5C5C5A-C6FE-4B62-B251-7AC7167F5419}.Release|Mixed Platforms.ActiveCfg = Release|Any CPU
		{2A5C5C5A-C6FE-4B62-B251-7AC7167F5419}.Release|Mixed Platforms.Build.0 = Release|Any CPU
		{2A5C5C5A-C6FE-4B62-B251-7AC7167F5419}.Release|x86.ActiveCfg = Release|Any CPU
		{2A5C5C5A-C6FE-4B62-B251-7AC7167F5419}.Release|x86.Build.0 = Release|Any CPU
		{98C27855-1BFF-465D-B217-43F966C79323}.Debug|Any CPU.ActiveCfg = Debug|Any CPU
		{98C27855-1BFF-465D-B217-43F966C79323}.Debug|Any CPU.Build.0 = Debug|Any CPU
		{98C27855-1BFF-465D-B217-43F966C79323}.Debug|Mixed Platforms.ActiveCfg = Debug|Any CPU
		{98C27855-1BFF-465D-B217-43F966C79323}.Debug|Mixed Platforms.Build.0 = Debug|Any CPU
		{98C27855-1BFF-465D-B217-43F966C79323}.Debug|x86.ActiveCfg = Debug|Any CPU
		{98C27855-1BFF-465D-B217-43F966C79323}.Debug|x86.Build.0 = Debug|Any CPU
		{98C27855-1BFF-465D-B217-43F966C79323}.Editor Debug|Any CPU.ActiveCfg = Debug|Any CPU
		{98C27855-1BFF-465D-B217-43F966C79323}.Editor Debug|Any CPU.Build.0 = Debug|Any CPU
		{98C27855-1BFF-465D-B217-43F966C79323}.Editor Debug|Mixed Platforms.ActiveCfg = Debug|Any CPU
		{98C27855-1BFF-465D-B217-43F966C79323}.Editor Debug|Mixed Platforms.Build.0 = Debug|Any CPU
		{98C27855-1BFF-465D-B217-43F966C79323}.Editor Debug|x86.ActiveCfg = Debug|Any CPU
		{98C27855-1BFF-465D-B217-43F966C79323}.Editor Debug|x86.Build.0 = Debug|Any CPU
		{98C27855-1BFF-465D-B217-43F966C79323}.Release|Any CPU.ActiveCfg = Release|Any CPU
		{98C27855-1BFF-465D-B217-43F966C79323}.Release|Any CPU.Build.0 = Release|Any CPU
		{98C27855-1BFF-465D-B217-43F966C79323}.Release|Mixed Platforms.ActiveCfg = Release|Any CPU
		{98C27855-1BFF-465D-B217-43F966C79323}.Release|Mixed Platforms.Build.0 = Release|Any CPU
		{98C27855-1BFF-465D-B217-43F966C79323}.Release|x86.ActiveCfg = Release|Any CPU
		{98C27855-1BFF-465D-B217-43F966C79323}.Release|x86.Build.0 = Release|Any CPU
		{B45F0A0C-4E6E-48FA-8111-B4BD42D33637}.Debug|Any CPU.ActiveCfg = Debug|Any CPU
		{B45F0A0C-4E6E-48FA-8111-B4BD42D33637}.Debug|Any CPU.Build.0 = Debug|Any CPU
		{B45F0A0C-4E6E-48FA-8111-B4BD42D33637}.Debug|Mixed Platforms.ActiveCfg = Debug|Any CPU
		{B45F0A0C-4E6E-48FA-8111-B4BD42D33637}.Debug|Mixed Platforms.Build.0 = Debug|Any CPU
		{B45F0A0C-4E6E-48FA-8111-B4BD42D33637}.Debug|x86.ActiveCfg = Debug|Any CPU
		{B45F0A0C-4E6E-48FA-8111-B4BD42D33637}.Debug|x86.Build.0 = Debug|Any CPU
		{B45F0A0C-4E6E-48FA-8111-B4BD42D33637}.Editor Debug|Any CPU.ActiveCfg = Debug|Any CPU
		{B45F0A0C-4E6E-48FA-8111-B4BD42D33637}.Editor Debug|Any CPU.Build.0 = Debug|Any CPU
		{B45F0A0C-4E6E-48FA-8111-B4BD42D33637}.Editor Debug|Mixed Platforms.ActiveCfg = Debug|Any CPU
		{B45F0A0C-4E6E-48FA-8111-B4BD42D33637}.Editor Debug|Mixed Platforms.Build.0 = Debug|Any CPU
		{B45F0A0C-4E6E-48FA-8111-B4BD42D33637}.Editor Debug|x86.ActiveCfg = Debug|Any CPU
		{B45F0A0C-4E6E-48FA-8111-B4BD42D33637}.Editor Debug|x86.Build.0 = Debug|Any CPU
		{B45F0A0C-4E6E-48FA-8111-B4BD42D33637}.Release|Any CPU.ActiveCfg = Release|Any CPU
		{B45F0A0C-4E6E-48FA-8111-B4BD42D33637}.Release|Any CPU.Build.0 = Release|Any CPU
		{B45F0A0C-4E6E-48FA-8111-B4BD42D33637}.Release|Mixed Platforms.ActiveCfg = Release|Any CPU
		{B45F0A0C-4E6E-48FA-8111-B4BD42D33637}.Release|Mixed Platforms.Build.0 = Release|Any CPU
		{B45F0A0C-4E6E-48FA-8111-B4BD42D33637}.Release|x86.ActiveCfg = Release|Any CPU
		{B45F0A0C-4E6E-48FA-8111-B4BD42D33637}.Release|x86.Build.0 = Release|Any CPU
		{5325B355-9F4B-4E26-8275-913A74D327D2}.Debug|Any CPU.ActiveCfg = Debug|Any CPU
		{5325B355-9F4B-4E26-8275-913A74D327D2}.Debug|Any CPU.Build.0 = Debug|Any CPU
		{5325B355-9F4B-4E26-8275-913A74D327D2}.Debug|Mixed Platforms.ActiveCfg = Debug|Any CPU
		{5325B355-9F4B-4E26-8275-913A74D327D2}.Debug|Mixed Platforms.Build.0 = Debug|Any CPU
		{5325B355-9F4B-4E26-8275-913A74D327D2}.Debug|x86.ActiveCfg = Debug|Any CPU
		{5325B355-9F4B-4E26-8275-913A74D327D2}.Debug|x86.Build.0 = Debug|Any CPU
		{5325B355-9F4B-4E26-8275-913A74D327D2}.Editor Debug|Any CPU.ActiveCfg = Debug|Any CPU
		{5325B355-9F4B-4E26-8275-913A74D327D2}.Editor Debug|Any CPU.Build.0 = Debug|Any CPU
		{5325B355-9F4B-4E26-8275-913A74D327D2}.Editor Debug|Mixed Platforms.ActiveCfg = Debug|Any CPU
		{5325B355-9F4B-4E26-8275-913A74D327D2}.Editor Debug|Mixed Platforms.Build.0 = Debug|Any CPU
		{5325B355-9F4B-4E26-8275-913A74D327D2}.Editor Debug|x86.ActiveCfg = Debug|Any CPU
		{5325B355-9F4B-4E26-8275-913A74D327D2}.Editor Debug|x86.Build.0 = Debug|Any CPU
		{5325B355-9F4B-4E26-8275-913A74D327D2}.Release|Any CPU.ActiveCfg = Release|Any CPU
		{5325B355-9F4B-4E26-8275-913A74D327D2}.Release|Any CPU.Build.0 = Release|Any CPU
		{5325B355-9F4B-4E26-8275-913A74D327D2}.Release|Mixed Platforms.ActiveCfg = Release|Any CPU
		{5325B355-9F4B-4E26-8275-913A74D327D2}.Release|Mixed Platforms.Build.0 = Release|Any CPU
		{5325B355-9F4B-4E26-8275-913A74D327D2}.Release|x86.ActiveCfg = Release|Any CPU
		{5325B355-9F4B-4E26-8275-913A74D327D2}.Release|x86.Build.0 = Release|Any CPU
		{676133C4-D4F0-42E1-A338-56E881068322}.Debug|Any CPU.ActiveCfg = Debug|Any CPU
		{676133C4-D4F0-42E1-A338-56E881068322}.Debug|Any CPU.Build.0 = Debug|Any CPU
		{676133C4-D4F0-42E1-A338-56E881068322}.Debug|Mixed Platforms.ActiveCfg = Debug|Any CPU
		{676133C4-D4F0-42E1-A338-56E881068322}.Debug|Mixed Platforms.Build.0 = Debug|Any CPU
		{676133C4-D4F0-42E1-A338-56E881068322}.Debug|x86.ActiveCfg = Debug|Any CPU
		{676133C4-D4F0-42E1-A338-56E881068322}.Debug|x86.Build.0 = Debug|Any CPU
		{676133C4-D4F0-42E1-A338-56E881068322}.Editor Debug|Any CPU.ActiveCfg = Debug|Any CPU
		{676133C4-D4F0-42E1-A338-56E881068322}.Editor Debug|Any CPU.Build.0 = Debug|Any CPU
		{676133C4-D4F0-42E1-A338-56E881068322}.Editor Debug|Mixed Platforms.ActiveCfg = Debug|Any CPU
		{676133C4-D4F0-42E1-A338-56E881068322}.Editor Debug|Mixed Platforms.Build.0 = Debug|Any CPU
		{676133C4-D4F0-42E1-A338-56E881068322}.Editor Debug|x86.ActiveCfg = Debug|Any CPU
		{676133C4-D4F0-42E1-A338-56E881068322}.Editor Debug|x86.Build.0 = Debug|Any CPU
		{676133C4-D4F0-42E1-A338-56E881068322}.Release|Any CPU.ActiveCfg = Release|Any CPU
		{676133C4-D4F0-42E1-A338-56E881068322}.Release|Any CPU.Build.0 = Release|Any CPU
		{676133C4-D4F0-42E1-A338-56E881068322}.Release|Mixed Platforms.ActiveCfg = Release|Any CPU
		{676133C4-D4F0-42E1-A338-56E881068322}.Release|Mixed Platforms.Build.0 = Release|Any CPU
		{676133C4-D4F0-42E1-A338-56E881068322}.Release|x86.ActiveCfg = Release|Any CPU
		{676133C4-D4F0-42E1-A338-56E881068322}.Release|x86.Build.0 = Release|Any CPU
		{CD7E94B2-1825-4606-86A4-06462AEE1C60}.Debug|Any CPU.ActiveCfg = Debug|Any CPU
		{CD7E94B2-1825-4606-86A4-06462AEE1C60}.Debug|Any CPU.Build.0 = Debug|Any CPU
		{CD7E94B2-1825-4606-86A4-06462AEE1C60}.Debug|Mixed Platforms.ActiveCfg = Debug|Any CPU
		{CD7E94B2-1825-4606-86A4-06462AEE1C60}.Debug|Mixed Platforms.Build.0 = Debug|Any CPU
		{CD7E94B2-1825-4606-86A4-06462AEE1C60}.Debug|x86.ActiveCfg = Debug|Any CPU
		{CD7E94B2-1825-4606-86A4-06462AEE1C60}.Debug|x86.Build.0 = Debug|Any CPU
		{CD7E94B2-1825-4606-86A4-06462AEE1C60}.Editor Debug|Any CPU.ActiveCfg = Debug|Any CPU
		{CD7E94B2-1825-4606-86A4-06462AEE1C60}.Editor Debug|Any CPU.Build.0 = Debug|Any CPU
		{CD7E94B2-1825-4606-86A4-06462AEE1C60}.Editor Debug|Mixed Platforms.ActiveCfg = Debug|Any CPU
		{CD7E94B2-1825-4606-86A4-06462AEE1C60}.Editor Debug|Mixed Platforms.Build.0 = Debug|Any CPU
		{CD7E94B2-1825-4606-86A4-06462AEE1C60}.Editor Debug|x86.ActiveCfg = Debug|Any CPU
		{CD7E94B2-1825-4606-86A4-06462AEE1C60}.Editor Debug|x86.Build.0 = Debug|Any CPU
		{CD7E94B2-1825-4606-86A4-06462AEE1C60}.Release|Any CPU.ActiveCfg = Release|Any CPU
		{CD7E94B2-1825-4606-86A4-06462AEE1C60}.Release|Any CPU.Build.0 = Release|Any CPU
		{CD7E94B2-1825-4606-86A4-06462AEE1C60}.Release|Mixed Platforms.ActiveCfg = Release|Any CPU
		{CD7E94B2-1825-4606-86A4-06462AEE1C60}.Release|Mixed Platforms.Build.0 = Release|Any CPU
		{CD7E94B2-1825-4606-86A4-06462AEE1C60}.Release|x86.ActiveCfg = Release|Any CPU
		{CD7E94B2-1825-4606-86A4-06462AEE1C60}.Release|x86.Build.0 = Release|Any CPU
		{FD00075A-F1B6-40BF-B3CF-BADD610464EC}.Debug|Any CPU.ActiveCfg = Debug|Any CPU
		{FD00075A-F1B6-40BF-B3CF-BADD610464EC}.Debug|Any CPU.Build.0 = Debug|Any CPU
		{FD00075A-F1B6-40BF-B3CF-BADD610464EC}.Debug|Mixed Platforms.ActiveCfg = Debug|Any CPU
		{FD00075A-F1B6-40BF-B3CF-BADD610464EC}.Debug|Mixed Platforms.Build.0 = Debug|Any CPU
		{FD00075A-F1B6-40BF-B3CF-BADD610464EC}.Debug|x86.ActiveCfg = Debug|Any CPU
		{FD00075A-F1B6-40BF-B3CF-BADD610464EC}.Debug|x86.Build.0 = Debug|Any CPU
		{FD00075A-F1B6-40BF-B3CF-BADD610464EC}.Editor Debug|Any CPU.ActiveCfg = Debug|Any CPU
		{FD00075A-F1B6-40BF-B3CF-BADD610464EC}.Editor Debug|Any CPU.Build.0 = Debug|Any CPU
		{FD00075A-F1B6-40BF-B3CF-BADD610464EC}.Editor Debug|Mixed Platforms.ActiveCfg = Debug|Any CPU
		{FD00075A-F1B6-40BF-B3CF-BADD610464EC}.Editor Debug|Mixed Platforms.Build.0 = Debug|Any CPU
		{FD00075A-F1B6-40BF-B3CF-BADD610464EC}.Editor Debug|x86.ActiveCfg = Debug|Any CPU
		{FD00075A-F1B6-40BF-B3CF-BADD610464EC}.Editor Debug|x86.Build.0 = Debug|Any CPU
		{FD00075A-F1B6-40BF-B3CF-BADD610464EC}.Release|Any CPU.ActiveCfg = Release|Any CPU
		{FD00075A-F1B6-40BF-B3CF-BADD610464EC}.Release|Any CPU.Build.0 = Release|Any CPU
		{FD00075A-F1B6-40BF-B3CF-BADD610464EC}.Release|Mixed Platforms.ActiveCfg = Release|Any CPU
		{FD00075A-F1B6-40BF-B3CF-BADD610464EC}.Release|Mixed Platforms.Build.0 = Release|Any CPU
		{FD00075A-F1B6-40BF-B3CF-BADD610464EC}.Release|x86.ActiveCfg = Release|Any CPU
		{FD00075A-F1B6-40BF-B3CF-BADD610464EC}.Release|x86.Build.0 = Release|Any CPU
		{8A30F9F6-D2B4-48E0-A7AA-C8233EA9DC50}.Debug|Any CPU.ActiveCfg = Debug|Any CPU
		{8A30F9F6-D2B4-48E0-A7AA-C8233EA9DC50}.Debug|Any CPU.Build.0 = Debug|Any CPU
		{8A30F9F6-D2B4-48E0-A7AA-C8233EA9DC50}.Debug|Mixed Platforms.ActiveCfg = Debug|Any CPU
		{8A30F9F6-D2B4-48E0-A7AA-C8233EA9DC50}.Debug|Mixed Platforms.Build.0 = Debug|Any CPU
		{8A30F9F6-D2B4-48E0-A7AA-C8233EA9DC50}.Debug|x86.ActiveCfg = Debug|Any CPU
		{8A30F9F6-D2B4-48E0-A7AA-C8233EA9DC50}.Debug|x86.Build.0 = Debug|Any CPU
		{8A30F9F6-D2B4-48E0-A7AA-C8233EA9DC50}.Editor Debug|Any CPU.ActiveCfg = Debug|Any CPU
		{8A30F9F6-D2B4-48E0-A7AA-C8233EA9DC50}.Editor Debug|Any CPU.Build.0 = Debug|Any CPU
		{8A30F9F6-D2B4-48E0-A7AA-C8233EA9DC50}.Editor Debug|Mixed Platforms.ActiveCfg = Debug|Any CPU
		{8A30F9F6-D2B4-48E0-A7AA-C8233EA9DC50}.Editor Debug|Mixed Platforms.Build.0 = Debug|Any CPU
		{8A30F9F6-D2B4-48E0-A7AA-C8233EA9DC50}.Editor Debug|x86.ActiveCfg = Debug|Any CPU
		{8A30F9F6-D2B4-48E0-A7AA-C8233EA9DC50}.Editor Debug|x86.Build.0 = Debug|Any CPU
		{8A30F9F6-D2B4-48E0-A7AA-C8233EA9DC50}.Release|Any CPU.ActiveCfg = Release|Any CPU
		{8A30F9F6-D2B4-48E0-A7AA-C8233EA9DC50}.Release|Any CPU.Build.0 = Release|Any CPU
		{8A30F9F6-D2B4-48E0-A7AA-C8233EA9DC50}.Release|Mixed Platforms.ActiveCfg = Release|Any CPU
		{8A30F9F6-D2B4-48E0-A7AA-C8233EA9DC50}.Release|Mixed Platforms.Build.0 = Release|Any CPU
		{8A30F9F6-D2B4-48E0-A7AA-C8233EA9DC50}.Release|x86.ActiveCfg = Release|Any CPU
		{8A30F9F6-D2B4-48E0-A7AA-C8233EA9DC50}.Release|x86.Build.0 = Release|Any CPU
		{639250DC-621C-4B88-AC88-288104D6EE3E}.Debug|Any CPU.ActiveCfg = Debug|Any CPU
		{639250DC-621C-4B88-AC88-288104D6EE3E}.Debug|Any CPU.Build.0 = Debug|Any CPU
		{639250DC-621C-4B88-AC88-288104D6EE3E}.Debug|Mixed Platforms.ActiveCfg = Debug|Any CPU
		{639250DC-621C-4B88-AC88-288104D6EE3E}.Debug|Mixed Platforms.Build.0 = Debug|Any CPU
		{639250DC-621C-4B88-AC88-288104D6EE3E}.Debug|x86.ActiveCfg = Debug|Any CPU
		{639250DC-621C-4B88-AC88-288104D6EE3E}.Debug|x86.Build.0 = Debug|Any CPU
		{639250DC-621C-4B88-AC88-288104D6EE3E}.Editor Debug|Any CPU.ActiveCfg = Debug|Any CPU
		{639250DC-621C-4B88-AC88-288104D6EE3E}.Editor Debug|Any CPU.Build.0 = Debug|Any CPU
		{639250DC-621C-4B88-AC88-288104D6EE3E}.Editor Debug|Mixed Platforms.ActiveCfg = Debug|Any CPU
		{639250DC-621C-4B88-AC88-288104D6EE3E}.Editor Debug|Mixed Platforms.Build.0 = Debug|Any CPU
		{639250DC-621C-4B88-AC88-288104D6EE3E}.Editor Debug|x86.ActiveCfg = Debug|Any CPU
		{639250DC-621C-4B88-AC88-288104D6EE3E}.Editor Debug|x86.Build.0 = Debug|Any CPU
		{639250DC-621C-4B88-AC88-288104D6EE3E}.Release|Any CPU.ActiveCfg = Release|Any CPU
		{639250DC-621C-4B88-AC88-288104D6EE3E}.Release|Any CPU.Build.0 = Release|Any CPU
		{639250DC-621C-4B88-AC88-288104D6EE3E}.Release|Mixed Platforms.ActiveCfg = Release|Any CPU
		{639250DC-621C-4B88-AC88-288104D6EE3E}.Release|Mixed Platforms.Build.0 = Release|Any CPU
		{639250DC-621C-4B88-AC88-288104D6EE3E}.Release|x86.ActiveCfg = Release|Any CPU
		{639250DC-621C-4B88-AC88-288104D6EE3E}.Release|x86.Build.0 = Release|Any CPU
		{13F17E4B-D0AD-4B77-9B97-6819C90BACA5}.Debug|Any CPU.ActiveCfg = Debug|Any CPU
		{13F17E4B-D0AD-4B77-9B97-6819C90BACA5}.Debug|Any CPU.Build.0 = Debug|Any CPU
		{13F17E4B-D0AD-4B77-9B97-6819C90BACA5}.Debug|Mixed Platforms.ActiveCfg = Debug|Any CPU
		{13F17E4B-D0AD-4B77-9B97-6819C90BACA5}.Debug|Mixed Platforms.Build.0 = Debug|Any CPU
		{13F17E4B-D0AD-4B77-9B97-6819C90BACA5}.Debug|x86.ActiveCfg = Debug|Any CPU
		{13F17E4B-D0AD-4B77-9B97-6819C90BACA5}.Debug|x86.Build.0 = Debug|Any CPU
		{13F17E4B-D0AD-4B77-9B97-6819C90BACA5}.Editor Debug|Any CPU.ActiveCfg = Debug|Any CPU
		{13F17E4B-D0AD-4B77-9B97-6819C90BACA5}.Editor Debug|Any CPU.Build.0 = Debug|Any CPU
		{13F17E4B-D0AD-4B77-9B97-6819C90BACA5}.Editor Debug|Mixed Platforms.ActiveCfg = Debug|Any CPU
		{13F17E4B-D0AD-4B77-9B97-6819C90BACA5}.Editor Debug|Mixed Platforms.Build.0 = Debug|Any CPU
		{13F17E4B-D0AD-4B77-9B97-6819C90BACA5}.Editor Debug|x86.ActiveCfg = Debug|Any CPU
		{13F17E4B-D0AD-4B77-9B97-6819C90BACA5}.Editor Debug|x86.Build.0 = Debug|Any CPU
		{13F17E4B-D0AD-4B77-9B97-6819C90BACA5}.Release|Any CPU.ActiveCfg = Release|Any CPU
		{13F17E4B-D0AD-4B77-9B97-6819C90BACA5}.Release|Any CPU.Build.0 = Release|Any CPU
		{13F17E4B-D0AD-4B77-9B97-6819C90BACA5}.Release|Mixed Platforms.ActiveCfg = Release|Any CPU
		{13F17E4B-D0AD-4B77-9B97-6819C90BACA5}.Release|Mixed Platforms.Build.0 = Release|Any CPU
		{13F17E4B-D0AD-4B77-9B97-6819C90BACA5}.Release|x86.ActiveCfg = Release|Any CPU
		{13F17E4B-D0AD-4B77-9B97-6819C90BACA5}.Release|x86.Build.0 = Release|Any CPU
	EndGlobalSection
	GlobalSection(SolutionProperties) = preSolution
		HideSolutionNode = FALSE
	EndGlobalSection
	GlobalSection(NestedProjects) = preSolution
		{824C2AD5-5C26-46D5-84C7-2D2301EDFEBF} = {8CAB07EA-8854-4FA0-9127-44B4A118BBF0}
		{BEE1F445-2A9B-4179-9BC3-54A816DB3308} = {8CAB07EA-8854-4FA0-9127-44B4A118BBF0}
		{2A5C5C5A-C6FE-4B62-B251-7AC7167F5419} = {8CAB07EA-8854-4FA0-9127-44B4A118BBF0}
		{98C27855-1BFF-465D-B217-43F966C79323} = {8CAB07EA-8854-4FA0-9127-44B4A118BBF0}
		{B45F0A0C-4E6E-48FA-8111-B4BD42D33637} = {8CAB07EA-8854-4FA0-9127-44B4A118BBF0}
		{5325B355-9F4B-4E26-8275-913A74D327D2} = {8CAB07EA-8854-4FA0-9127-44B4A118BBF0}
		{676133C4-D4F0-42E1-A338-56E881068322} = {8CAB07EA-8854-4FA0-9127-44B4A118BBF0}
		{CD7E94B2-1825-4606-86A4-06462AEE1C60} = {8CAB07EA-8854-4FA0-9127-44B4A118BBF0}
		{8A30F9F6-D2B4-48E0-A7AA-C8233EA9DC50} = {8CAB07EA-8854-4FA0-9127-44B4A118BBF0}
		{639250DC-621C-4B88-AC88-288104D6EE3E} = {8CAB07EA-8854-4FA0-9127-44B4A118BBF0}
	EndGlobalSection
	GlobalSection(ExtensibilityGlobals) = postSolution
		SolutionGuid = {FE3339C5-FFAD-4A8C-8F87-3632D2F801B7}
	EndGlobalSection
EndGlobal
